github.com/dimonrus/gocli v0.9.1 h1:DnQkXVDqvFdeQfnHjfreDavzbyRNCpdHdlha1PPxdAM=
github.com/dimonrus/gocli v0.9.1/go.mod h1:dKr1LXCWx6jQXVze73SXL0f9s3EGQqhOkSE9hh3fRJs=
github.com/dimonrus/godb v1.10.0 h1:D03T82EvIHUL1SxkOeD5zyZepF4PrSP3PEO6aSKePIA=
github.com/dimonrus/godb v1.10.0/go.mod h1:R4sa+kLsM75JkvFjHCD/Z6j35Hv3/2GAzfh0OL/hEM4=
github.com/dimonrus/gohelp v0.4.0 h1:4EPgmMGuGfddFP0YK/D67B1RH362aHBOHCmj7r1PTSU=
github.com/dimonrus/gohelp v0.4.0/go.mod h1:+dOOHmnzKauApxlx1kn/sHAYds3gPvMvXLpeLtBq82E=
github.com/dimonrus/gorabbit v1.4.0 h1:1UugTgKpz4EDDv+szAlpwgXIox9vufPnnvFIFx4NZH4=
github.com/dimonrus/gorabbit v1.4.0/go.mod h1:CdZWlMF04Ly8DgC5VlT07wOk14Uai8sbduGq64ovEy8=
github.com/dimonrus/gorest v0.8.1 h1:E7lDOE2RFiCn8c/AkmaW32azj89ToYYo5YLMVpYphcA=
github.com/dimonrus/gorest v0.8.1/go.mod h1:j7YYQ9qd7Whd10X/fAAQsH8xdakdbjGHfDUlGZ/KZjQ=
github.com/dimonrus/goweb v1.2.6 h1:k0wTYdIVihXuJ4ECzIws/RW1GN4krLIp30dFSUYjtGg=
github.com/dimonrus/goweb v1.2.6/go.mod h1:QFsfQJHTRABsSROSxOXSl7VOxmCulS9B86GOYf6hDqU=
github.com/dimonrus/porterr v1.7.0/go.mod h1:BCVpaUyYdawPPzeAa8yjCYvemctND1I9ER/nFnOyDgQ=
github.com/dimonrus/porterr v1.8.0/go.mod h1:BCVpaUyYdawPPzeAa8yjCYvemctND1I9ER/nFnOyDgQ=
github.com/dimonrus/porterr v1.9.0 h1:N8dEF9TrcNyMrQOyBUb1ein+1PXboLuycwFLjG2pEwM=
github.com/dimonrus/porterr v1.9.0/go.mod h1:BCVpaUyYdawPPzeAa8yjCYvemctND1I9ER/nFnOyDgQ=
github.com/gorilla/mux v1.8.0 h1:i40aqfkR1h2SlN9hojwV5ZA91wcXFOvkdNIeFDP5koI=
github.com/gorilla/mux v1.8.0/go.mod h1:DVbg23sWSpFRCP0SfiEN6jmj59UnW/n46BH5rLB71So=
github.com/lib/pq v1.9.0/go.mod h1:AlVN5x4E4T544tWzH6hKfbfQvm3HdbOxrmggDNAPY9o=
github.com/lib/pq v1.10.0 h1:Zx5DJFEYQXio93kgXnQ09fXNiUKsqv4OUEu2UtGcB1E=
github.com/lib/pq v1.10.0/go.mod h1:AlVN5x4E4T544tWzH6hKfbfQvm3HdbOxrmggDNAPY9o=
github.com/streadway/amqp v1.0.0 h1:kuuDrUJFZL1QYL9hUNuCxNObNzB0bV/ZG5jV3RWAQgo=
github.com/streadway/amqp v1.0.0/go.mod h1:AZpEONHx3DKn8O/DFsRAY58/XVQiIPMTMB1SddzLXVw=
gopkg.in/check.v1 v0.0.0-20161208181325-20d25e280405 h1:yhCVgyC4o1eVCa2tZl7eS0r+SDo693bJlVdllGtEeKM=
gopkg.in/check.v1 v0.0.0-20161208181325-20d25e280405/go.mod h1:Co6ibVJAznAaIkqp8huTwlJQCZ016jof/cbN4VW5Yz0=
gopkg.in/yaml.v2 v2.2.7 h1:VUgggvou5XRW9mHwD/yXxIYSMtY0zoKQf/v226p2nyo=
gopkg.in/yaml.v2 v2.2.7/go.mod h1:hI93XBmqTisBFMUTm0b8Fm+jr3Dg1NNxqwp+5A1VGuI=
