github.com/davecgh/go-spew v1.1.0/go.mod h1:J7Y8YcW2NihsgmVo/mv3lAwl/skON4iLHjSsI+c5H38=
github.com/davecgh/go-spew v1.1.1/go.mod h1:J7Y8YcW2NihsgmVo/mv3lAwl/skON4iLHjSsI+c5H38=
github.com/dimonrus/gocli v0.12.2 h1:GwWfWk0HmbNzqs9fPDZZ1PjQkE0E5OLa3SRsqOvJVUA=
github.com/dimonrus/gocli v0.12.2/go.mod h1:F5bvRk0Xp9YH3sMSCum3OhsPsBKktmZIsMbXU1RMqA0=
github.com/dimonrus/godb/v2 v2.5.0 h1:cd9d+hGUKuu1/hfnBC9i2WUitg09NGrVGQfOJc6J5QE=
github.com/dimonrus/godb/v2 v2.5.0/go.mod h1:gEIBLVMYWN4GG1CX+RkTAZZphxTjDLcA67bW9DcA57Q=
github.com/dimonrus/gohelp v1.2.0 h1:c8IBr20/bPGNWgFsAajytRQQj0aJY9SO8ow6fjZmbVg=
github.com/dimonrus/gohelp v1.2.0/go.mod h1:0zBPZxKW6rn2NEMWiCxyswKTdqM6UnSFrbR5H846ujk=
github.com/dimonrus/gomodel v0.9.3 h1:Md5HK5+xrkR+M1s1iHPEJKZ3ItwU+usz+eZ66dfnwlA=
github.com/dimonrus/gomodel v0.9.3/go.mod h1:iv3HmXFDJ0e37opphR4JVxGyZEgAAio6Vq7g29HaTB8=
github.com/dimonrus/gorabbit v1.10.0 h1:rayY98YiPJB8pfhWjww95n+l4fM8ha86SK/umwmXaXY=
github.com/dimonrus/gorabbit v1.10.0/go.mod h1:p+HamowZpnPzXdWmA0X0gOlu+h3E6i6ikTCJObTaGMA=
github.com/dimonrus/gorest v0.8.9 h1://zef7S/awqf659CHVxo34fYhf57h48iG3Fj/3JhMfw=
github.com/dimonrus/gorest v0.8.9/go.mod h1:KlX8/bvLEwZfl0fFYM9G00HOhii046Qevs0XhZ5ZlyM=
github.com/dimonrus/gosql v0.9.2 h1:UT81jClPJjdXc54vt4oqwm+VlB5CTQl9kgHt5uDEqZA=
github.com/dimonrus/gosql v0.9.2/go.mod h1:lPkKWiSCED2RZQxaCHgFqazDPVvEADdvBURXJn4Bevw=
github.com/dimonrus/goweb v1.7.1 h1:7ICUtf0Bc498IBBZLJltGnaGLqTVHBhaHkXSjF5MUz4=
github.com/dimonrus/goweb v1.7.1/go.mod h1:XyUQi96qRZon7pC8vPj2NVqwXgUVRgsJDyPzv+ce3Dg=
github.com/dimonrus/migrate v0.1.2 h1:yLMNFFw/lKavmshq27t00zDFeBAB4ArQnk/rHkugpGY=
github.com/dimonrus/migrate v0.1.2/go.mod h1:usXuR0To0fMnn5eO71ZWdS0pL70+uovAJMJGd2zAuS0=
github.com/dimonrus/porterr v1.13.1 h1:hToohI8rweDANCJSiHBP7XXTWwU48yjoYY+/4WoWAQY=
github.com/dimonrus/porterr v1.13.1/go.mod h1:BCVpaUyYdawPPzeAa8yjCYvemctND1I9ER/nFnOyDgQ=
github.com/gorilla/mux v1.8.1 h1:TuBL49tXwgrFYWhqrNgrUNEY92u81SPhu7sTdzQEiWY=
github.com/gorilla/mux v1.8.1/go.mod h1:AKf9I4AEqPTmMytcMc0KkNouC66V3BtZ4qD5fmWSiMQ=
github.com/kr/pretty v0.1.0 h1:L/CwN0zerZDmRFUapSPitk6f+Q3+0za1rQkzVuMiMFI=
github.com/kr/pretty v0.1.0/go.mod h1:dAy3ld7l9f0ibDNOQOHHMYYIIbhfbHSm3C4ZsoJORNo=
github.com/kr/pty v1.1.1/go.mod h1:pFQYn66WHrOpPYNljwOMqo10TkYh1fy3cYio2l3bCsQ=
github.com/kr/text v0.1.0 h1:45sCR5RtlFHMR4UwH9sdQ5TC8v0qDQCHnXt+kaKSTVE=
github.com/kr/text v0.1.0/go.mod h1:4Jbv+DJW3UT/LiOwJeYQe1efqtUx/iVham/4vfdArNI=
github.com/lib/pq v1.10.9 h1:YXG7RB+JIjhP29X+OtkiDnYaXQwpS4JEWq7dtCCRUEw=
github.com/lib/pq v1.10.9/go.mod h1:AlVN5x4E4T544tWzH6hKfbfQvm3HdbOxrmggDNAPY9o=
github.com/pmezard/go-difflib v1.0.0/go.mod h1:iKH77koFhYxTK1pcRnkKkqfTogsbg7gZNVY4sRDYZ/4=
github.com/rabbitmq/amqp091-go v1.9.0 h1:qrQtyzB4H8BQgEuJwhmVQqVHB9O4+MNDJCCAcpc3Aoo=
github.com/rabbitmq/amqp091-go v1.9.0/go.mod h1:+jPrT9iY2eLjRaMSRHUhc3z14E/l85kv/f+6luSD3pc=
github.com/stretchr/objx v0.1.0/go.mod h1:HFkY916IF+rwdDfMAkV7OtwuqBVzrE8GR6GFx+wExME=
github.com/stretchr/objx v0.4.0/go.mod h1:YvHI0jy2hoMjB+UWwv71VJQ9isScKT/TqJzVSSt89Yw=
github.com/stretchr/testify v1.7.1/go.mod h1:6Fq8oRcR53rry900zMqJjRRixrwX3KX962/h/Wwjteg=
github.com/stretchr/testify v1.8.0/go.mod h1:yNjHg4UonilssWZ8iaSj1OCr/vHnekPRkoO+kdMU+MU=
go.uber.org/goleak v1.2.1 h1:NBol2c7O1ZokfZ0LEU9K6Whx/KnwvepVetCUhtKja4A=
go.uber.org/goleak v1.2.1/go.mod h1:qlT2yGI9QafXHhZZLxlSuNsMw3FFLxBr+tBRlmO1xH4=
golang.org/x/net v0.25.0 h1:d/OCCoBEUq33pjydKrGQhw7IlUPI2Oylr+8qLx49kac=
golang.org/x/net v0.25.0/go.mod h1:JkAGAh7GEvH74S6FOH42FLoXpXbE/aqXSrIQjXgsiwM=
golang.org/x/text v0.15.0 h1:h1V/4gjBv8v9cjcR6+AR5+/cIYK5N/WAgiv4xlsEtAk=
golang.org/x/text v0.15.0/go.mod h1:18ZOQIKpY8NJVqYksKHtTdi31H5itFRjB5/qKTNYzSU=
gopkg.in/check.v1 v0.0.0-20161208181325-20d25e280405/go.mod h1:Co6ibVJAznAaIkqp8huTwlJQCZ016jof/cbN4VW5Yz0=
gopkg.in/check.v1 v1.0.0-20180628173108-788fd7840127 h1:qIbj1fsPNlZgppZ+VLlY7N33q108Sa+fhmuc+sWQYwY=
gopkg.in/check.v1 v1.0.0-20180628173108-788fd7840127/go.mod h1:Co6ibVJAznAaIkqp8huTwlJQCZ016jof/cbN4VW5Yz0=
gopkg.in/yaml.v3 v3.0.0-20200313102051-9f266ea9e77c/go.mod h1:K4uyk7z7BCEPqu6E+C64Yfv1cQ7kz7rIZviUmN+EgEM=
gopkg.in/yaml.v3 v3.0.1 h1:fxVm/GzAzEWqLHuvctI91KS9hhNmmWOoWu0XTYJS7CA=
gopkg.in/yaml.v3 v3.0.1/go.mod h1:K4uyk7z7BCEPqu6E+C64Yfv1cQ7kz7rIZviUmN+EgEM=
