github.com/dimonrus/gocli v0.12.5 h1:6dVJCMG26tqZhIzWkNlrHEASt2bD6E+cFkGozC/zth4=
github.com/dimonrus/gocli v0.12.5/go.mod h1:Hr8tJ6VPe31Fn3kviKNb1Xa0jcl+hbaDN2+NWsxdWN8=
github.com/dimonrus/godb/v2 v2.5.2 h1:WR1TwAy7qQA2hWY1K6hhxfdKEsVW1RC6F0ChRB38Ck0=
github.com/dimonrus/godb/v2 v2.5.2/go.mod h1:HeiTOJuB17uAoCpN2td0ciuNHpgVpP1BewQArgtemyg=
github.com/dimonrus/gohelp v1.5.1 h1:Jh29Y8fSfTz1Lz1VnktPeciU5PE7Hoxegbf3g7O/wMk=
github.com/dimonrus/gohelp v1.5.1/go.mod h1:0zBPZxKW6rn2NEMWiCxyswKTdqM6UnSFrbR5H846ujk=
github.com/dimonrus/gomodel v0.9.8 h1:NA1B5byhGrsYIOyYkVsEkSldsGx1kdRxo/FJR2rU/04=
github.com/dimonrus/gomodel v0.9.8/go.mod h1:BK8u/b9HtEZaLrXo/T26+7X2V2a6kM4rfUEYVdKLfYI=
github.com/dimonrus/gorabbit v1.10.4 h1:355N1KUMI8MWMRRJOs0xg5CxbXsT8+j8zcBsTeFxxs8=
github.com/dimonrus/gorabbit v1.10.4/go.mod h1:aFj28enB5yziznOq6drhkhH0wkp7ifvq002zF39SIj0=
github.com/dimonrus/gorest v0.8.9 h1://zef7S/awqf659CHVxo34fYhf57h48iG3Fj/3JhMfw=
github.com/dimonrus/gorest v0.8.9/go.mod h1:KlX8/bvLEwZfl0fFYM9G00HOhii046Qevs0XhZ5ZlyM=
github.com/dimonrus/gosql v0.9.5 h1:lVYYNDsS5D+nzi9iQPbjx2WoaXcFYr1AMasOVk9qbvc=
github.com/dimonrus/gosql v0.9.5/go.mod h1:lPkKWiSCED2RZQxaCHgFqazDPVvEADdvBURXJn4Bevw=
github.com/dimonrus/goweb v1.7.5 h1:oMI8shGgKSwsTwH4sqplswnFFFippEnXpxSlSM4HTNY=
github.com/dimonrus/goweb v1.7.5/go.mod h1:LsPFOlI92iy8+ViJH9/uad7MOEw+aiAX36+Klj/6bAY=
github.com/dimonrus/migrate v0.1.4 h1:O6uYRnYw2epb9z6QrFe3Y+5PERCKaEWSn0M7x/BZuc4=
github.com/dimonrus/migrate v0.1.4/go.mod h1:+uEKyZ6R3O3FqRCpNEju8B0ZOfO6qAvNa8Zb2iq7QFg=
github.com/dimonrus/porterr v1.13.1 h1:hToohI8rweDANCJSiHBP7XXTWwU48yjoYY+/4WoWAQY=
github.com/dimonrus/porterr v1.13.1/go.mod h1:BCVpaUyYdawPPzeAa8yjCYvemctND1I9ER/nFnOyDgQ=
github.com/gorilla/mux v1.8.1 h1:TuBL49tXwgrFYWhqrNgrUNEY92u81SPhu7sTdzQEiWY=
github.com/gorilla/mux v1.8.1/go.mod h1:AKf9I4AEqPTmMytcMc0KkNouC66V3BtZ4qD5fmWSiMQ=
github.com/lib/pq v1.10.9 h1:YXG7RB+JIjhP29X+OtkiDnYaXQwpS4JEWq7dtCCRUEw=
github.com/lib/pq v1.10.9/go.mod h1:AlVN5x4E4T544tWzH6hKfbfQvm3HdbOxrmggDNAPY9o=
github.com/rabbitmq/amqp091-go v1.10.0 h1:STpn5XsHlHGcecLmMFCtg7mqq0RnD+zFr4uzukfVhBw=
github.com/rabbitmq/amqp091-go v1.10.0/go.mod h1:Hy4jKW5kQART1u+JkDTF9YYOQUHXqMuhrgxOEeS7G4o=
go.uber.org/goleak v1.3.0 h1:2K3zAYmnTNqV73imy9J1T3WC+gmCePx2hEGkimedGto=
go.uber.org/goleak v1.3.0/go.mod h1:CoHD4mav9JJNrW/WLlf7HGZPjdw8EucARQHekz1X6bE=
golang.org/x/net v0.40.0 h1:79Xs7wF06Gbdcg4kdCCIQArK11Z1hr5POQ6+fIYHNuY=
golang.org/x/net v0.40.0/go.mod h1:y0hY0exeL2Pku80/zKK7tpntoX23cqL3Oa6njdgRtds=
golang.org/x/text v0.25.0 h1:qVyWApTSYLk/drJRO5mDlNYskwQznZmkpV2c8q9zls4=
golang.org/x/text v0.25.0/go.mod h1:WEdwpYrmk1qmdHvhkSTNPm3app7v4rsT8F2UD6+VHIA=
gopkg.in/check.v1 v0.0.0-20161208181325-20d25e280405 h1:yhCVgyC4o1eVCa2tZl7eS0r+SDo693bJlVdllGtEeKM=
gopkg.in/check.v1 v0.0.0-20161208181325-20d25e280405/go.mod h1:Co6ibVJAznAaIkqp8huTwlJQCZ016jof/cbN4VW5Yz0=
gopkg.in/yaml.v3 v3.0.1 h1:fxVm/GzAzEWqLHuvctI91KS9hhNmmWOoWu0XTYJS7CA=
gopkg.in/yaml.v3 v3.0.1/go.mod h1:K4uyk7z7BCEPqu6E+C64Yfv1cQ7kz7rIZviUmN+EgEM=
